
Microsoft Visual Studio Solution File, Format Version 12.00
# Visual Studio Version 17
VisualStudioVersion = 17.0.32112.339
MinimumVisualStudioVersion = 10.0.40219.1
Project("{FAE04EC0-301F-11D3-BF4B-00C04F79EFBC}") = "AdventOfCode2016", "AdventOfCode2016\AdventOfCode2016.csproj", "{ADCB8092-05BF-4FA9-82CE-200ADE6930B2}"
EndProject
Project("{FAE04EC0-301F-11D3-BF4B-00C04F79EFBC}") = "AdventOfCode2016.Test", "AdventOfCode2016.Test\AdventOfCode2016.Test.csproj", "{B15B8B2B-EFC8-4631-937F-3CD558F9C2C6}"
EndProject
Global
	GlobalSection(SolutionConfigurationPlatforms) = preSolution
		Debug|Any CPU = Debug|Any CPU
		Release|Any CPU = Release|Any CPU
	EndGlobalSection
	GlobalSection(ProjectConfigurationPlatforms) = postSolution
		{ADCB8092-05BF-4FA9-82CE-200ADE6930B2}.Debug|Any CPU.ActiveCfg = Debug|Any CPU
		{ADCB8092-05BF-4FA9-82CE-200ADE6930B2}.Debug|Any CPU.Build.0 = Debug|Any CPU
		{ADCB8092-05BF-4FA9-82CE-200ADE6930B2}.Release|Any CPU.ActiveCfg = Release|Any CPU
		{ADCB8092-05BF-4FA9-82CE-200ADE6930B2}.Release|Any CPU.Build.0 = Release|Any CPU
		{B15B8B2B-EFC8-4631-937F-3CD558F9C2C6}.Debug|Any CPU.ActiveCfg = Debug|Any CPU
		{B15B8B2B-EFC8-4631-937F-3CD558F9C2C6}.Debug|Any CPU.Build.0 = Debug|Any CPU
		{B15B8B2B-EFC8-4631-937F-3CD558F9C2C6}.Release|Any CPU.ActiveCfg = Release|Any CPU
		{B15B8B2B-EFC8-4631-937F-3CD558F9C2C6}.Release|Any CPU.Build.0 = Release|Any CPU
	EndGlobalSection
	GlobalSection(SolutionProperties) = preSolution
		HideSolutionNode = FALSE
	EndGlobalSection
	GlobalSection(ExtensibilityGlobals) = postSolution
		SolutionGuid = {9A18202A-B1A3-495C-BF92-A89B0C0AC580}
	EndGlobalSection
EndGlobal
